
Microsoft Visual Studio Solution File, Format Version 12.00
# Visual Studio Version 17
VisualStudioVersion = 17.13.35825.156
MinimumVisualStudioVersion = 10.0.40219.1
Project("{FAE04EC0-301F-11D3-BF4B-00C04F79EFBC}") = "EnsekReader.API", "EnsekReader.API\EnsekReader.API.csproj", "{97F20389-9DD2-4E35-B1CA-D4C93176FFF5}"
EndProject
Global
	GlobalSection(SolutionConfigurationPlatforms) = preSolution
		Debug|Any CPU = Debug|Any CPU
		Release|Any CPU = Release|Any CPU
	EndGlobalSection
	GlobalSection(ProjectConfigurationPlatforms) = postSolution
		{97F20389-9DD2-4E35-B1CA-D4C93176FFF5}.Debug|Any CPU.ActiveCfg = Debug|Any CPU
		{97F20389-9DD2-4E35-B1CA-D4C93176FFF5}.Debug|Any CPU.Build.0 = Debug|Any CPU
		{97F20389-9DD2-4E35-B1CA-D4C93176FFF5}.Release|Any CPU.ActiveCfg = Release|Any CPU
		{97F20389-9DD2-4E35-B1CA-D4C93176FFF5}.Release|Any CPU.Build.0 = Release|Any CPU
	EndGlobalSection
	GlobalSection(SolutionProperties) = preSolution
		HideSolutionNode = FALSE
	EndGlobalSection
	GlobalSection(ExtensibilityGlobals) = postSolution
		SolutionGuid = {506632B1-80B8-402F-B5B3-78C46778308F}
	EndGlobalSection
EndGlobal
